
Microsoft Visual Studio Solution File, Format Version 12.00
# Visual Studio Version 17
VisualStudioVersion = 17.2.32630.192
MinimumVisualStudioVersion = 10.0.40219.1
Project("{FAE04EC0-301F-11D3-BF4B-00C04F79EFBC}") = "ItCompanyInfocarat", "ItCompanyInfocarat\ItCompanyInfocarat.csproj", "{99222339-F0B3-4378-BE73-48D9DBA331BE}"
EndProject
Global
	GlobalSection(SolutionConfigurationPlatforms) = preSolution
		Debug|Any CPU = Debug|Any CPU
		Release|Any CPU = Release|Any CPU
	EndGlobalSection
	GlobalSection(ProjectConfigurationPlatforms) = postSolution
		{99222339-F0B3-4378-BE73-48D9DBA331BE}.Debug|Any CPU.ActiveCfg = Debug|Any CPU
		{99222339-F0B3-4378-BE73-48D9DBA331BE}.Debug|Any CPU.Build.0 = Debug|Any CPU
		{99222339-F0B3-4378-BE73-48D9DBA331BE}.Release|Any CPU.ActiveCfg = Release|Any CPU
		{99222339-F0B3-4378-BE73-48D9DBA331BE}.Release|Any CPU.Build.0 = Release|Any CPU
	EndGlobalSection
	GlobalSection(SolutionProperties) = preSolution
		HideSolutionNode = FALSE
	EndGlobalSection
	GlobalSection(ExtensibilityGlobals) = postSolution
		SolutionGuid = {306EA210-BFA9-41AE-8924-648DDB3DE566}
	EndGlobalSection
EndGlobal
